
Microsoft Visual Studio Solution File, Format Version 12.00
# Visual Studio Version 16
VisualStudioVersion = 16.0.31112.23
MinimumVisualStudioVersion = 10.0.40219.1
Project("{FAE04EC0-301F-11D3-BF4B-00C04F79EFBC}") = "PR7", "PR7\PR7.csproj", "{8E93A468-B841-49C9-AFE0-CA011E285233}"
EndProject
Project("{FAE04EC0-301F-11D3-BF4B-00C04F79EFBC}") = "PR7-part2", "PR7-part2\PR7-part2.csproj", "{8B09F255-568A-4E9F-BF28-F13FCC323DF1}"
EndProject
Global
	GlobalSection(SolutionConfigurationPlatforms) = preSolution
		Debug|Any CPU = Debug|Any CPU
		Release|Any CPU = Release|Any CPU
	EndGlobalSection
	GlobalSection(ProjectConfigurationPlatforms) = postSolution
		{8E93A468-B841-49C9-AFE0-CA011E285233}.Debug|Any CPU.ActiveCfg = Debug|Any CPU
		{8E93A468-B841-49C9-AFE0-CA011E285233}.Debug|Any CPU.Build.0 = Debug|Any CPU
		{8E93A468-B841-49C9-AFE0-CA011E285233}.Release|Any CPU.ActiveCfg = Release|Any CPU
		{8E93A468-B841-49C9-AFE0-CA011E285233}.Release|Any CPU.Build.0 = Release|Any CPU
		{8B09F255-568A-4E9F-BF28-F13FCC323DF1}.Debug|Any CPU.ActiveCfg = Debug|Any CPU
		{8B09F255-568A-4E9F-BF28-F13FCC323DF1}.Debug|Any CPU.Build.0 = Debug|Any CPU
		{8B09F255-568A-4E9F-BF28-F13FCC323DF1}.Release|Any CPU.ActiveCfg = Release|Any CPU
		{8B09F255-568A-4E9F-BF28-F13FCC323DF1}.Release|Any CPU.Build.0 = Release|Any CPU
	EndGlobalSection
	GlobalSection(SolutionProperties) = preSolution
		HideSolutionNode = FALSE
	EndGlobalSection
	GlobalSection(ExtensibilityGlobals) = postSolution
		SolutionGuid = {2C469032-DD7A-4F7F-A00F-07FF64CE3A9A}
	EndGlobalSection
EndGlobal
